// !$*UTF8*$!
{
	archiveVersion = 1;
	classes = {
	};
	objectVersion = 50;
	objects = {

/* Begin PBXBuildFile section */
		B310110924EE728F00186136 /* Lists.swift in Sources */ = {isa = PBXBuildFile; fileRef = B310110824EE728F00186136 /* Lists.swift */; };
		B3A8F62224ED41840010A9F5 /* ContinueList.swift in Sources */ = {isa = PBXBuildFile; fileRef = B3A8F62124ED41840010A9F5 /* ContinueList.swift */; };
		B3A8F62624ED52E10010A9F5 /* CalculatingService.swift in Sources */ = {isa = PBXBuildFile; fileRef = B3A8F62524ED52E10010A9F5 /* CalculatingService.swift */; };
		B3AFB24024E2D2A50000B566 /* AppDelegate.swift in Sources */ = {isa = PBXBuildFile; fileRef = B3AFB23F24E2D2A50000B566 /* AppDelegate.swift */; };
		B3AFB24224E2D2A50000B566 /* SceneDelegate.swift in Sources */ = {isa = PBXBuildFile; fileRef = B3AFB24124E2D2A50000B566 /* SceneDelegate.swift */; };
		B3AFB24424E2D2A50000B566 /* ContentView.swift in Sources */ = {isa = PBXBuildFile; fileRef = B3AFB24324E2D2A50000B566 /* ContentView.swift */; };
		B3AFB24624E2D2AD0000B566 /* Assets.xcassets in Resources */ = {isa = PBXBuildFile; fileRef = B3AFB24524E2D2AD0000B566 /* Assets.xcassets */; };
		B3AFB24924E2D2AD0000B566 /* Preview Assets.xcassets in Resources */ = {isa = PBXBuildFile; fileRef = B3AFB24824E2D2AD0000B566 /* Preview Assets.xcassets */; };
		B3AFB24C24E2D2AD0000B566 /* LaunchScreen.storyboard in Resources */ = {isa = PBXBuildFile; fileRef = B3AFB24A24E2D2AD0000B566 /* LaunchScreen.storyboard */; };
		B3AFB25424E2D31D0000B566 /* CalculatingView.swift in Sources */ = {isa = PBXBuildFile; fileRef = B3AFB25324E2D31D0000B566 /* CalculatingView.swift */; };
		B3AFB25624E2E8C40000B566 /* CalendarView.swift in Sources */ = {isa = PBXBuildFile; fileRef = B3AFB25524E2E8C30000B566 /* CalendarView.swift */; };
		B3AFB25824E31C900000B566 /* StorageListView.swift in Sources */ = {isa = PBXBuildFile; fileRef = B3AFB25724E31C900000B566 /* StorageListView.swift */; };
		B3AFB25A24E31CB70000B566 /* ListModel.swift in Sources */ = {isa = PBXBuildFile; fileRef = B3AFB25924E31CB70000B566 /* ListModel.swift */; };
		B3AFB25F24E328600000B566 /* StorageService.swift in Sources */ = {isa = PBXBuildFile; fileRef = B3AFB25E24E328600000B566 /* StorageService.swift */; };
		B3CA2C0124EDA46800831A92 /* CalculateButtonView.swift in Sources */ = {isa = PBXBuildFile; fileRef = B3CA2C0024EDA46800831A92 /* CalculateButtonView.swift */; };
		B3CA2C0324EDA9E500831A92 /* TextFieldSaveButtonView.swift in Sources */ = {isa = PBXBuildFile; fileRef = B3CA2C0224EDA9E500831A92 /* TextFieldSaveButtonView.swift */; };
		B3D1652F24F066FB00CBB886 /* PopoverView.swift in Sources */ = {isa = PBXBuildFile; fileRef = B3D1652E24F066FB00CBB886 /* PopoverView.swift */; };
		B3D1653124F06B7600CBB886 /* CustomModifiers.swift in Sources */ = {isa = PBXBuildFile; fileRef = B3D1653024F06B7600CBB886 /* CustomModifiers.swift */; };
		B3E2DE3524EE9465007B11E1 /* RowList.swift in Sources */ = {isa = PBXBuildFile; fileRef = B3E2DE3424EE9465007B11E1 /* RowList.swift */; };
		B3E2DE3724EEB551007B11E1 /* DeatailInfoView.swift in Sources */ = {isa = PBXBuildFile; fileRef = B3E2DE3624EEB551007B11E1 /* DeatailInfoView.swift */; };
/* End PBXBuildFile section */

/* Begin PBXFileReference section */
		B310110824EE728F00186136 /* Lists.swift */ = {isa = PBXFileReference; lastKnownFileType = sourcecode.swift; path = Lists.swift; sourceTree = "<group>"; };
		B3A8F62124ED41840010A9F5 /* ContinueList.swift */ = {isa = PBXFileReference; lastKnownFileType = sourcecode.swift; path = ContinueList.swift; sourceTree = "<group>"; };
		B3A8F62524ED52E10010A9F5 /* CalculatingService.swift */ = {isa = PBXFileReference; lastKnownFileType = sourcecode.swift; path = CalculatingService.swift; sourceTree = "<group>"; };
		B3AFB23C24E2D2A50000B566 /* Doctor's Helper.app */ = {isa = PBXFileReference; explicitFileType = wrapper.application; includeInIndex = 0; path = "Doctor's Helper.app"; sourceTree = BUILT_PRODUCTS_DIR; };
		B3AFB23F24E2D2A50000B566 /* AppDelegate.swift */ = {isa = PBXFileReference; lastKnownFileType = sourcecode.swift; path = AppDelegate.swift; sourceTree = "<group>"; };
		B3AFB24124E2D2A50000B566 /* SceneDelegate.swift */ = {isa = PBXFileReference; lastKnownFileType = sourcecode.swift; path = SceneDelegate.swift; sourceTree = "<group>"; };
		B3AFB24324E2D2A50000B566 /* ContentView.swift */ = {isa = PBXFileReference; lastKnownFileType = sourcecode.swift; path = ContentView.swift; sourceTree = "<group>"; };
		B3AFB24524E2D2AD0000B566 /* Assets.xcassets */ = {isa = PBXFileReference; lastKnownFileType = folder.assetcatalog; path = Assets.xcassets; sourceTree = "<group>"; };
		B3AFB24824E2D2AD0000B566 /* Preview Assets.xcassets */ = {isa = PBXFileReference; lastKnownFileType = folder.assetcatalog; path = "Preview Assets.xcassets"; sourceTree = "<group>"; };
		B3AFB24B24E2D2AD0000B566 /* Base */ = {isa = PBXFileReference; lastKnownFileType = file.storyboard; name = Base; path = Base.lproj/LaunchScreen.storyboard; sourceTree = "<group>"; };
		B3AFB24D24E2D2AD0000B566 /* Info.plist */ = {isa = PBXFileReference; lastKnownFileType = text.plist.xml; path = Info.plist; sourceTree = "<group>"; };
		B3AFB25324E2D31D0000B566 /* CalculatingView.swift */ = {isa = PBXFileReference; lastKnownFileType = sourcecode.swift; path = CalculatingView.swift; sourceTree = "<group>"; };
		B3AFB25524E2E8C30000B566 /* CalendarView.swift */ = {isa = PBXFileReference; lastKnownFileType = sourcecode.swift; path = CalendarView.swift; sourceTree = "<group>"; };
		B3AFB25724E31C900000B566 /* StorageListView.swift */ = {isa = PBXFileReference; lastKnownFileType = sourcecode.swift; path = StorageListView.swift; sourceTree = "<group>"; };
		B3AFB25924E31CB70000B566 /* ListModel.swift */ = {isa = PBXFileReference; lastKnownFileType = sourcecode.swift; path = ListModel.swift; sourceTree = "<group>"; };
		B3AFB25E24E328600000B566 /* StorageService.swift */ = {isa = PBXFileReference; lastKnownFileType = sourcecode.swift; path = StorageService.swift; sourceTree = "<group>"; };
		B3CA2C0024EDA46800831A92 /* CalculateButtonView.swift */ = {isa = PBXFileReference; lastKnownFileType = sourcecode.swift; path = CalculateButtonView.swift; sourceTree = "<group>"; };
		B3CA2C0224EDA9E500831A92 /* TextFieldSaveButtonView.swift */ = {isa = PBXFileReference; lastKnownFileType = sourcecode.swift; path = TextFieldSaveButtonView.swift; sourceTree = "<group>"; };
		B3D1652E24F066FB00CBB886 /* PopoverView.swift */ = {isa = PBXFileReference; lastKnownFileType = sourcecode.swift; path = PopoverView.swift; sourceTree = "<group>"; };
		B3D1653024F06B7600CBB886 /* CustomModifiers.swift */ = {isa = PBXFileReference; lastKnownFileType = sourcecode.swift; path = CustomModifiers.swift; sourceTree = "<group>"; };
		B3E2DE3424EE9465007B11E1 /* RowList.swift */ = {isa = PBXFileReference; lastKnownFileType = sourcecode.swift; path = RowList.swift; sourceTree = "<group>"; };
		B3E2DE3624EEB551007B11E1 /* DeatailInfoView.swift */ = {isa = PBXFileReference; lastKnownFileType = sourcecode.swift; path = DeatailInfoView.swift; sourceTree = "<group>"; };
/* End PBXFileReference section */

/* Begin PBXFrameworksBuildPhase section */
		B3AFB23924E2D2A50000B566 /* Frameworks */ = {
			isa = PBXFrameworksBuildPhase;
			buildActionMask = 2147483647;
			files = (
			);
			runOnlyForDeploymentPostprocessing = 0;
		};
/* End PBXFrameworksBuildPhase section */

/* Begin PBXGroup section */
		B310110A24EE8BC000186136 /* Entity */ = {
			isa = PBXGroup;
			children = (
				B310110824EE728F00186136 /* Lists.swift */,
			);
			path = Entity;
			sourceTree = "<group>";
		};
		B3AFB23324E2D2A50000B566 = {
			isa = PBXGroup;
			children = (
				B3AFB23E24E2D2A50000B566 /* Doctor's Helper */,
				B3AFB23D24E2D2A50000B566 /* Products */,
			);
			sourceTree = "<group>";
		};
		B3AFB23D24E2D2A50000B566 /* Products */ = {
			isa = PBXGroup;
			children = (
				B3AFB23C24E2D2A50000B566 /* Doctor's Helper.app */,
			);
			name = Products;
			sourceTree = "<group>";
		};
		B3AFB23E24E2D2A50000B566 /* Doctor's Helper */ = {
			isa = PBXGroup;
			children = (
				B3AFB26024E328670000B566 /* StorageService */,
				B310110A24EE8BC000186136 /* Entity */,
				B3AFB25B24E324160000B566 /* Views */,
				B3D1653224F0707200CBB886 /* Modifiers */,
				B3AFB25C24E324270000B566 /* Model */,
				B3AFB25D24E324320000B566 /* SupportingFiles */,
				B3AFB24D24E2D2AD0000B566 /* Info.plist */,
				B3AFB24724E2D2AD0000B566 /* Preview Content */,
			);
			path = "Doctor's Helper";
			sourceTree = "<group>";
		};
		B3AFB24724E2D2AD0000B566 /* Preview Content */ = {
			isa = PBXGroup;
			children = (
				B3AFB24824E2D2AD0000B566 /* Preview Assets.xcassets */,
			);
			path = "Preview Content";
			sourceTree = "<group>";
		};
		B3AFB25B24E324160000B566 /* Views */ = {
			isa = PBXGroup;
			children = (
				B3AFB24324E2D2A50000B566 /* ContentView.swift */,
				B3AFB25324E2D31D0000B566 /* CalculatingView.swift */,
				B3AFB25724E31C900000B566 /* StorageListView.swift */,
				B3E2DE3624EEB551007B11E1 /* DeatailInfoView.swift */,
				B3A8F62124ED41840010A9F5 /* ContinueList.swift */,
				B3E2DE3424EE9465007B11E1 /* RowList.swift */,
				B3AFB25524E2E8C30000B566 /* CalendarView.swift */,
				B3CA2C0024EDA46800831A92 /* CalculateButtonView.swift */,
				B3CA2C0224EDA9E500831A92 /* TextFieldSaveButtonView.swift */,
				B3D1652E24F066FB00CBB886 /* PopoverView.swift */,
			);
			path = Views;
			sourceTree = "<group>";
		};
		B3AFB25C24E324270000B566 /* Model */ = {
			isa = PBXGroup;
			children = (
				B3AFB25924E31CB70000B566 /* ListModel.swift */,
			);
			path = Model;
			sourceTree = "<group>";
		};
		B3AFB25D24E324320000B566 /* SupportingFiles */ = {
			isa = PBXGroup;
			children = (
				B3AFB23F24E2D2A50000B566 /* AppDelegate.swift */,
				B3AFB24124E2D2A50000B566 /* SceneDelegate.swift */,
				B3AFB24524E2D2AD0000B566 /* Assets.xcassets */,
				B3AFB24A24E2D2AD0000B566 /* LaunchScreen.storyboard */,
			);
			path = SupportingFiles;
			sourceTree = "<group>";
		};
		B3AFB26024E328670000B566 /* StorageService */ = {
			isa = PBXGroup;
			children = (
				B3AFB25E24E328600000B566 /* StorageService.swift */,
				B3A8F62524ED52E10010A9F5 /* CalculatingService.swift */,
			);
			path = StorageService;
			sourceTree = "<group>";
		};
		B3D1653224F0707200CBB886 /* Modifiers */ = {
			isa = PBXGroup;
			children = (
				B3D1653024F06B7600CBB886 /* CustomModifiers.swift */,
			);
			path = Modifiers;
			sourceTree = "<group>";
		};
/* End PBXGroup section */

/* Begin PBXNativeTarget section */
		B3AFB23B24E2D2A50000B566 /* Doctor's Helper */ = {
			isa = PBXNativeTarget;
			buildConfigurationList = B3AFB25024E2D2AD0000B566 /* Build configuration list for PBXNativeTarget "Doctor's Helper" */;
			buildPhases = (
				B3AFB23824E2D2A50000B566 /* Sources */,
				B3AFB23924E2D2A50000B566 /* Frameworks */,
				B3AFB23A24E2D2A50000B566 /* Resources */,
			);
			buildRules = (
			);
			dependencies = (
			);
			name = "Doctor's Helper";
			productName = "Doctor's Helper";
			productReference = B3AFB23C24E2D2A50000B566 /* Doctor's Helper.app */;
			productType = "com.apple.product-type.application";
		};
/* End PBXNativeTarget section */

/* Begin PBXProject section */
		B3AFB23424E2D2A50000B566 /* Project object */ = {
			isa = PBXProject;
			attributes = {
				LastSwiftUpdateCheck = 1160;
				LastUpgradeCheck = 1160;
				ORGANIZATIONNAME = "Stanislav Klimov";
				TargetAttributes = {
					B3AFB23B24E2D2A50000B566 = {
						CreatedOnToolsVersion = 11.6;
					};
				};
			};
			buildConfigurationList = B3AFB23724E2D2A50000B566 /* Build configuration list for PBXProject "Doctor's Helper" */;
			compatibilityVersion = "Xcode 9.3";
			developmentRegion = en;
			hasScannedForEncodings = 0;
			knownRegions = (
				en,
				Base,
			);
			mainGroup = B3AFB23324E2D2A50000B566;
			productRefGroup = B3AFB23D24E2D2A50000B566 /* Products */;
			projectDirPath = "";
			projectRoot = "";
			targets = (
				B3AFB23B24E2D2A50000B566 /* Doctor's Helper */,
			);
		};
/* End PBXProject section */

/* Begin PBXResourcesBuildPhase section */
		B3AFB23A24E2D2A50000B566 /* Resources */ = {
			isa = PBXResourcesBuildPhase;
			buildActionMask = 2147483647;
			files = (
				B3AFB24C24E2D2AD0000B566 /* LaunchScreen.storyboard in Resources */,
				B3AFB24924E2D2AD0000B566 /* Preview Assets.xcassets in Resources */,
				B3AFB24624E2D2AD0000B566 /* Assets.xcassets in Resources */,
			);
			runOnlyForDeploymentPostprocessing = 0;
		};
/* End PBXResourcesBuildPhase section */

/* Begin PBXSourcesBuildPhase section */
		B3AFB23824E2D2A50000B566 /* Sources */ = {
			isa = PBXSourcesBuildPhase;
			buildActionMask = 2147483647;
			files = (
				B3A8F62624ED52E10010A9F5 /* CalculatingService.swift in Sources */,
				B3CA2C0124EDA46800831A92 /* CalculateButtonView.swift in Sources */,
				B3D1652F24F066FB00CBB886 /* PopoverView.swift in Sources */,
				B3E2DE3724EEB551007B11E1 /* DeatailInfoView.swift in Sources */,
				B3AFB24024E2D2A50000B566 /* AppDelegate.swift in Sources */,
				B3A8F62224ED41840010A9F5 /* ContinueList.swift in Sources */,
				B3D1653124F06B7600CBB886 /* CustomModifiers.swift in Sources */,
				B3AFB24224E2D2A50000B566 /* SceneDelegate.swift in Sources */,
				B3AFB25424E2D31D0000B566 /* CalculatingView.swift in Sources */,
				B3E2DE3524EE9465007B11E1 /* RowList.swift in Sources */,
				B3AFB24424E2D2A50000B566 /* ContentView.swift in Sources */,
				B3AFB25A24E31CB70000B566 /* ListModel.swift in Sources */,
				B310110924EE728F00186136 /* Lists.swift in Sources */,
				B3AFB25F24E328600000B566 /* StorageService.swift in Sources */,
				B3AFB25824E31C900000B566 /* StorageListView.swift in Sources */,
				B3AFB25624E2E8C40000B566 /* CalendarView.swift in Sources */,
				B3CA2C0324EDA9E500831A92 /* TextFieldSaveButtonView.swift in Sources */,
			);
			runOnlyForDeploymentPostprocessing = 0;
		};
/* End PBXSourcesBuildPhase section */

/* Begin PBXVariantGroup section */
		B3AFB24A24E2D2AD0000B566 /* LaunchScreen.storyboard */ = {
			isa = PBXVariantGroup;
			children = (
				B3AFB24B24E2D2AD0000B566 /* Base */,
			);
			name = LaunchScreen.storyboard;
			sourceTree = "<group>";
		};
/* End PBXVariantGroup section */

/* Begin XCBuildConfiguration section */
		B3AFB24E24E2D2AD0000B566 /* Debug */ = {
			isa = XCBuildConfiguration;
			buildSettings = {
				ALWAYS_SEARCH_USER_PATHS = NO;
				CLANG_ANALYZER_NONNULL = YES;
				CLANG_ANALYZER_NUMBER_OBJECT_CONVERSION = YES_AGGRESSIVE;
				CLANG_CXX_LANGUAGE_STANDARD = "gnu++14";
				CLANG_CXX_LIBRARY = "libc++";
				CLANG_ENABLE_MODULES = YES;
				CLANG_ENABLE_OBJC_ARC = YES;
				CLANG_ENABLE_OBJC_WEAK = YES;
				CLANG_WARN_BLOCK_CAPTURE_AUTORELEASING = YES;
				CLANG_WARN_BOOL_CONVERSION = YES;
				CLANG_WARN_COMMA = YES;
				CLANG_WARN_CONSTANT_CONVERSION = YES;
				CLANG_WARN_DEPRECATED_OBJC_IMPLEMENTATIONS = YES;
				CLANG_WARN_DIRECT_OBJC_ISA_USAGE = YES_ERROR;
				CLANG_WARN_DOCUMENTATION_COMMENTS = YES;
				CLANG_WARN_EMPTY_BODY = YES;
				CLANG_WARN_ENUM_CONVERSION = YES;
				CLANG_WARN_INFINITE_RECURSION = YES;
				CLANG_WARN_INT_CONVERSION = YES;
				CLANG_WARN_NON_LITERAL_NULL_CONVERSION = YES;
				CLANG_WARN_OBJC_IMPLICIT_RETAIN_SELF = YES;
				CLANG_WARN_OBJC_LITERAL_CONVERSION = YES;
				CLANG_WARN_OBJC_ROOT_CLASS = YES_ERROR;
				CLANG_WARN_RANGE_LOOP_ANALYSIS = YES;
				CLANG_WARN_STRICT_PROTOTYPES = YES;
				CLANG_WARN_SUSPICIOUS_MOVE = YES;
				CLANG_WARN_UNGUARDED_AVAILABILITY = YES_AGGRESSIVE;
				CLANG_WARN_UNREACHABLE_CODE = YES;
				CLANG_WARN__DUPLICATE_METHOD_MATCH = YES;
				COPY_PHASE_STRIP = NO;
				DEBUG_INFORMATION_FORMAT = dwarf;
				ENABLE_STRICT_OBJC_MSGSEND = YES;
				ENABLE_TESTABILITY = YES;
				GCC_C_LANGUAGE_STANDARD = gnu11;
				GCC_DYNAMIC_NO_PIC = NO;
				GCC_NO_COMMON_BLOCKS = YES;
				GCC_OPTIMIZATION_LEVEL = 0;
				GCC_PREPROCESSOR_DEFINITIONS = (
					"DEBUG=1",
					"$(inherited)",
				);
				GCC_WARN_64_TO_32_BIT_CONVERSION = YES;
				GCC_WARN_ABOUT_RETURN_TYPE = YES_ERROR;
				GCC_WARN_UNDECLARED_SELECTOR = YES;
				GCC_WARN_UNINITIALIZED_AUTOS = YES_AGGRESSIVE;
				GCC_WARN_UNUSED_FUNCTION = YES;
				GCC_WARN_UNUSED_VARIABLE = YES;
				IPHONEOS_DEPLOYMENT_TARGET = 13.6;
				MTL_ENABLE_DEBUG_INFO = INCLUDE_SOURCE;
				MTL_FAST_MATH = YES;
				ONLY_ACTIVE_ARCH = YES;
				SDKROOT = iphoneos;
				SWIFT_ACTIVE_COMPILATION_CONDITIONS = DEBUG;
				SWIFT_OPTIMIZATION_LEVEL = "-Onone";
			};
			name = Debug;
		};
		B3AFB24F24E2D2AD0000B566 /* Release */ = {
			isa = XCBuildConfiguration;
			buildSettings = {
				ALWAYS_SEARCH_USER_PATHS = NO;
				CLANG_ANALYZER_NONNULL = YES;
				CLANG_ANALYZER_NUMBER_OBJECT_CONVERSION = YES_AGGRESSIVE;
				CLANG_CXX_LANGUAGE_STANDARD = "gnu++14";
				CLANG_CXX_LIBRARY = "libc++";
				CLANG_ENABLE_MODULES = YES;
				CLANG_ENABLE_OBJC_ARC = YES;
				CLANG_ENABLE_OBJC_WEAK = YES;
				CLANG_WARN_BLOCK_CAPTURE_AUTORELEASING = YES;
				CLANG_WARN_BOOL_CONVERSION = YES;
				CLANG_WARN_COMMA = YES;
				CLANG_WARN_CONSTANT_CONVERSION = YES;
				CLANG_WARN_DEPRECATED_OBJC_IMPLEMENTATIONS = YES;
				CLANG_WARN_DIRECT_OBJC_ISA_USAGE = YES_ERROR;
				CLANG_WARN_DOCUMENTATION_COMMENTS = YES;
				CLANG_WARN_EMPTY_BODY = YES;
				CLANG_WARN_ENUM_CONVERSION = YES;
				CLANG_WARN_INFINITE_RECURSION = YES;
				CLANG_WARN_INT_CONVERSION = YES;
				CLANG_WARN_NON_LITERAL_NULL_CONVERSION = YES;
				CLANG_WARN_OBJC_IMPLICIT_RETAIN_SELF = YES;
				CLANG_WARN_OBJC_LITERAL_CONVERSION = YES;
				CLANG_WARN_OBJC_ROOT_CLASS = YES_ERROR;
				CLANG_WARN_RANGE_LOOP_ANALYSIS = YES;
				CLANG_WARN_STRICT_PROTOTYPES = YES;
				CLANG_WARN_SUSPICIOUS_MOVE = YES;
				CLANG_WARN_UNGUARDED_AVAILABILITY = YES_AGGRESSIVE;
				CLANG_WARN_UNREACHABLE_CODE = YES;
				CLANG_WARN__DUPLICATE_METHOD_MATCH = YES;
				COPY_PHASE_STRIP = NO;
				DEBUG_INFORMATION_FORMAT = "dwarf-with-dsym";
				ENABLE_NS_ASSERTIONS = NO;
				ENABLE_STRICT_OBJC_MSGSEND = YES;
				GCC_C_LANGUAGE_STANDARD = gnu11;
				GCC_NO_COMMON_BLOCKS = YES;
				GCC_WARN_64_TO_32_BIT_CONVERSION = YES;
				GCC_WARN_ABOUT_RETURN_TYPE = YES_ERROR;
				GCC_WARN_UNDECLARED_SELECTOR = YES;
				GCC_WARN_UNINITIALIZED_AUTOS = YES_AGGRESSIVE;
				GCC_WARN_UNUSED_FUNCTION = YES;
				GCC_WARN_UNUSED_VARIABLE = YES;
				IPHONEOS_DEPLOYMENT_TARGET = 13.6;
				MTL_ENABLE_DEBUG_INFO = NO;
				MTL_FAST_MATH = YES;
				SDKROOT = iphoneos;
				SWIFT_COMPILATION_MODE = wholemodule;
				SWIFT_OPTIMIZATION_LEVEL = "-O";
				VALIDATE_PRODUCT = YES;
			};
			name = Release;
		};
		B3AFB25124E2D2AD0000B566 /* Debug */ = {
			isa = XCBuildConfiguration;
			buildSettings = {
				ASSETCATALOG_COMPILER_APPICON_NAME = AppIcon;
				CODE_SIGN_STYLE = Automatic;
				DEVELOPMENT_ASSET_PATHS = "\"Doctor's Helper/Preview Content\"";
				DEVELOPMENT_TEAM = H3DYTYX5S2;
				ENABLE_PREVIEWS = YES;
				INFOPLIST_FILE = "Doctor's Helper/Info.plist";
				LD_RUNPATH_SEARCH_PATHS = (
					"$(inherited)",
					"@executable_path/Frameworks",
				);
				PRODUCT_BUNDLE_IDENTIFIER = "No.Doctor-s-Helper";
				PRODUCT_NAME = "$(TARGET_NAME)";
				SWIFT_VERSION = 5.0;
				TARGETED_DEVICE_FAMILY = "1,2";
			};
			name = Debug;
		};
		B3AFB25224E2D2AD0000B566 /* Release */ = {
			isa = XCBuildConfiguration;
			buildSettings = {
				ASSETCATALOG_COMPILER_APPICON_NAME = AppIcon;
				CODE_SIGN_STYLE = Automatic;
				DEVELOPMENT_ASSET_PATHS = "\"Doctor's Helper/Preview Content\"";
				DEVELOPMENT_TEAM = H3DYTYX5S2;
				ENABLE_PREVIEWS = YES;
				INFOPLIST_FILE = "Doctor's Helper/Info.plist";
				LD_RUNPATH_SEARCH_PATHS = (
					"$(inherited)",
					"@executable_path/Frameworks",
				);
				PRODUCT_BUNDLE_IDENTIFIER = "No.Doctor-s-Helper";
				PRODUCT_NAME = "$(TARGET_NAME)";
				SWIFT_VERSION = 5.0;
				TARGETED_DEVICE_FAMILY = "1,2";
			};
			name = Release;
		};
/* End XCBuildConfiguration section */

/* Begin XCConfigurationList section */
		B3AFB23724E2D2A50000B566 /* Build configuration list for PBXProject "Doctor's Helper" */ = {
			isa = XCConfigurationList;
			buildConfigurations = (
				B3AFB24E24E2D2AD0000B566 /* Debug */,
				B3AFB24F24E2D2AD0000B566 /* Release */,
			);
			defaultConfigurationIsVisible = 0;
			defaultConfigurationName = Release;
		};
		B3AFB25024E2D2AD0000B566 /* Build configuration list for PBXNativeTarget "Doctor's Helper" */ = {
			isa = XCConfigurationList;
			buildConfigurations = (
				B3AFB25124E2D2AD0000B566 /* Debug */,
				B3AFB25224E2D2AD0000B566 /* Release */,
			);
			defaultConfigurationIsVisible = 0;
			defaultConfigurationName = Release;
		};
/* End XCConfigurationList section */
	};
	rootObject = B3AFB23424E2D2A50000B566 /* Project object */;
}
